
Microsoft Visual Studio Solution File, Format Version 12.00
# Visual Studio Version 17
VisualStudioVersion = 17.4.33213.308
MinimumVisualStudioVersion = 10.0.40219.1
Project("{FAE04EC0-301F-11D3-BF4B-00C04F79EFBC}") = "eTickets", "eTickets\eTickets.csproj", "{99452FD4-30D8-40CF-8254-6CA27D0156F0}"
EndProject
Global
	GlobalSection(SolutionConfigurationPlatforms) = preSolution
		Debug|Any CPU = Debug|Any CPU
		Release|Any CPU = Release|Any CPU
	EndGlobalSection
	GlobalSection(ProjectConfigurationPlatforms) = postSolution
		{99452FD4-30D8-40CF-8254-6CA27D0156F0}.Debug|Any CPU.ActiveCfg = Debug|Any CPU
		{99452FD4-30D8-40CF-8254-6CA27D0156F0}.Debug|Any CPU.Build.0 = Debug|Any CPU
		{99452FD4-30D8-40CF-8254-6CA27D0156F0}.Release|Any CPU.ActiveCfg = Release|Any CPU
		{99452FD4-30D8-40CF-8254-6CA27D0156F0}.Release|Any CPU.Build.0 = Release|Any CPU
	EndGlobalSection
	GlobalSection(SolutionProperties) = preSolution
		HideSolutionNode = FALSE
	EndGlobalSection
	GlobalSection(ExtensibilityGlobals) = postSolution
		SolutionGuid = {52B1D44F-2019-49DA-837F-F2966DBE1D38}
	EndGlobalSection
EndGlobal
